
Microsoft Visual Studio Solution File, Format Version 12.00
# Visual Studio 15
VisualStudioVersion = 15.0.26403.7
MinimumVisualStudioVersion = 10.0.40219.1
Project("{2150E333-8FDC-42A3-9474-1A3956D46DE8}") = "DAL", "DAL", "{0A82395F-4AC1-49FD-B7DD-95F81190B03A}"
EndProject
Project("{2150E333-8FDC-42A3-9474-1A3956D46DE8}") = "BLL", "BLL", "{E7A03225-65CE-43EB-A285-FDD2D19304DF}"
EndProject
Project("{2150E333-8FDC-42A3-9474-1A3956D46DE8}") = "VIEW", "VIEW", "{0919885A-AA61-4B6D-8A96-2BE871462856}"
EndProject
Project("{2150E333-8FDC-42A3-9474-1A3956D46DE8}") = "HELPER", "HELPER", "{7E1C2EF3-A6C1-435A-986C-7E0F88E4AD00}"
EndProject
Project("{F184B08F-C81C-45F6-A57F-5ABD9991F28F}") = "DentalMIS.BLL", "DentalMIS.BLL\DentalMIS.BLL.vbproj", "{C14F38D2-9761-4D1F-AD9B-5913C57284CF}"
EndProject
Project("{F184B08F-C81C-45F6-A57F-5ABD9991F28F}") = "DentalMIS.DAL", "DentalMIS.DAL\DentalMIS.DAL.vbproj", "{11389C11-D68E-49E4-9B80-DE58CFBAF52E}"
EndProject
Project("{F184B08F-C81C-45F6-A57F-5ABD9991F28F}") = "DentalMIS.HELPER", "DentalMIS.HELPER\DentalMIS.HELPER.vbproj", "{51B604BD-CC4C-4F16-99D9-E0FCDDAD7202}"
EndProject
Project("{F184B08F-C81C-45F6-A57F-5ABD9991F28F}") = "DentalMIS.APP", "DentalMIS.APP\DentalMIS.APP.vbproj", "{0743C075-52BF-4E77-9121-5DA56DC90591}"
EndProject
Project("{2150E333-8FDC-42A3-9474-1A3956D46DE8}") = "DentalMIS.TEST", "DentalMIS.TEST", "{CA84DD99-897E-4630-8768-9064F2F30506}"
EndProject
Project("{F184B08F-C81C-45F6-A57F-5ABD9991F28F}") = "DentalMIS.UnitTest", "DentalMIS.UnitTest\DentalMIS.UnitTest.vbproj", "{885072D7-80D5-4649-9BEF-D95ECE989A5F}"
EndProject
Global
	GlobalSection(SolutionConfigurationPlatforms) = preSolution
		Debug|Any CPU = Debug|Any CPU
		Debug|ARM = Debug|ARM
		Debug|x64 = Debug|x64
		Debug|x86 = Debug|x86
		Release|Any CPU = Release|Any CPU
		Release|ARM = Release|ARM
		Release|x64 = Release|x64
		Release|x86 = Release|x86
	EndGlobalSection
	GlobalSection(ProjectConfigurationPlatforms) = postSolution
		{C14F38D2-9761-4D1F-AD9B-5913C57284CF}.Debug|Any CPU.ActiveCfg = Debug|Any CPU
		{C14F38D2-9761-4D1F-AD9B-5913C57284CF}.Debug|Any CPU.Build.0 = Debug|Any CPU
		{C14F38D2-9761-4D1F-AD9B-5913C57284CF}.Debug|ARM.ActiveCfg = Debug|Any CPU
		{C14F38D2-9761-4D1F-AD9B-5913C57284CF}.Debug|ARM.Build.0 = Debug|Any CPU
		{C14F38D2-9761-4D1F-AD9B-5913C57284CF}.Debug|x64.ActiveCfg = Debug|Any CPU
		{C14F38D2-9761-4D1F-AD9B-5913C57284CF}.Debug|x64.Build.0 = Debug|Any CPU
		{C14F38D2-9761-4D1F-AD9B-5913C57284CF}.Debug|x86.ActiveCfg = Debug|Any CPU
		{C14F38D2-9761-4D1F-AD9B-5913C57284CF}.Debug|x86.Build.0 = Debug|Any CPU
		{C14F38D2-9761-4D1F-AD9B-5913C57284CF}.Release|Any CPU.ActiveCfg = Release|Any CPU
		{C14F38D2-9761-4D1F-AD9B-5913C57284CF}.Release|Any CPU.Build.0 = Release|Any CPU
		{C14F38D2-9761-4D1F-AD9B-5913C57284CF}.Release|ARM.ActiveCfg = Release|Any CPU
		{C14F38D2-9761-4D1F-AD9B-5913C57284CF}.Release|ARM.Build.0 = Release|Any CPU
		{C14F38D2-9761-4D1F-AD9B-5913C57284CF}.Release|x64.ActiveCfg = Release|Any CPU
		{C14F38D2-9761-4D1F-AD9B-5913C57284CF}.Release|x64.Build.0 = Release|Any CPU
		{C14F38D2-9761-4D1F-AD9B-5913C57284CF}.Release|x86.ActiveCfg = Release|Any CPU
		{C14F38D2-9761-4D1F-AD9B-5913C57284CF}.Release|x86.Build.0 = Release|Any CPU
		{11389C11-D68E-49E4-9B80-DE58CFBAF52E}.Debug|Any CPU.ActiveCfg = Debug|Any CPU
		{11389C11-D68E-49E4-9B80-DE58CFBAF52E}.Debug|Any CPU.Build.0 = Debug|Any CPU
		{11389C11-D68E-49E4-9B80-DE58CFBAF52E}.Debug|ARM.ActiveCfg = Debug|Any CPU
		{11389C11-D68E-49E4-9B80-DE58CFBAF52E}.Debug|ARM.Build.0 = Debug|Any CPU
		{11389C11-D68E-49E4-9B80-DE58CFBAF52E}.Debug|x64.ActiveCfg = Debug|Any CPU
		{11389C11-D68E-49E4-9B80-DE58CFBAF52E}.Debug|x64.Build.0 = Debug|Any CPU
		{11389C11-D68E-49E4-9B80-DE58CFBAF52E}.Debug|x86.ActiveCfg = Debug|Any CPU
		{11389C11-D68E-49E4-9B80-DE58CFBAF52E}.Debug|x86.Build.0 = Debug|Any CPU
		{11389C11-D68E-49E4-9B80-DE58CFBAF52E}.Release|Any CPU.ActiveCfg = Release|Any CPU
		{11389C11-D68E-49E4-9B80-DE58CFBAF52E}.Release|Any CPU.Build.0 = Release|Any CPU
		{11389C11-D68E-49E4-9B80-DE58CFBAF52E}.Release|ARM.ActiveCfg = Release|Any CPU
		{11389C11-D68E-49E4-9B80-DE58CFBAF52E}.Release|ARM.Build.0 = Release|Any CPU
		{11389C11-D68E-49E4-9B80-DE58CFBAF52E}.Release|x64.ActiveCfg = Release|Any CPU
		{11389C11-D68E-49E4-9B80-DE58CFBAF52E}.Release|x64.Build.0 = Release|Any CPU
		{11389C11-D68E-49E4-9B80-DE58CFBAF52E}.Release|x86.ActiveCfg = Release|Any CPU
		{11389C11-D68E-49E4-9B80-DE58CFBAF52E}.Release|x86.Build.0 = Release|Any CPU
		{51B604BD-CC4C-4F16-99D9-E0FCDDAD7202}.Debug|Any CPU.ActiveCfg = Debug|Any CPU
		{51B604BD-CC4C-4F16-99D9-E0FCDDAD7202}.Debug|Any CPU.Build.0 = Debug|Any CPU
		{51B604BD-CC4C-4F16-99D9-E0FCDDAD7202}.Debug|ARM.ActiveCfg = Debug|Any CPU
		{51B604BD-CC4C-4F16-99D9-E0FCDDAD7202}.Debug|ARM.Build.0 = Debug|Any CPU
		{51B604BD-CC4C-4F16-99D9-E0FCDDAD7202}.Debug|x64.ActiveCfg = Debug|Any CPU
		{51B604BD-CC4C-4F16-99D9-E0FCDDAD7202}.Debug|x64.Build.0 = Debug|Any CPU
		{51B604BD-CC4C-4F16-99D9-E0FCDDAD7202}.Debug|x86.ActiveCfg = Debug|Any CPU
		{51B604BD-CC4C-4F16-99D9-E0FCDDAD7202}.Debug|x86.Build.0 = Debug|Any CPU
		{51B604BD-CC4C-4F16-99D9-E0FCDDAD7202}.Release|Any CPU.ActiveCfg = Release|Any CPU
		{51B604BD-CC4C-4F16-99D9-E0FCDDAD7202}.Release|Any CPU.Build.0 = Release|Any CPU
		{51B604BD-CC4C-4F16-99D9-E0FCDDAD7202}.Release|ARM.ActiveCfg = Release|Any CPU
		{51B604BD-CC4C-4F16-99D9-E0FCDDAD7202}.Release|ARM.Build.0 = Release|Any CPU
		{51B604BD-CC4C-4F16-99D9-E0FCDDAD7202}.Release|x64.ActiveCfg = Release|Any CPU
		{51B604BD-CC4C-4F16-99D9-E0FCDDAD7202}.Release|x64.Build.0 = Release|Any CPU
		{51B604BD-CC4C-4F16-99D9-E0FCDDAD7202}.Release|x86.ActiveCfg = Release|Any CPU
		{51B604BD-CC4C-4F16-99D9-E0FCDDAD7202}.Release|x86.Build.0 = Release|Any CPU
		{0743C075-52BF-4E77-9121-5DA56DC90591}.Debug|Any CPU.ActiveCfg = Debug|Any CPU
		{0743C075-52BF-4E77-9121-5DA56DC90591}.Debug|Any CPU.Build.0 = Debug|Any CPU
		{0743C075-52BF-4E77-9121-5DA56DC90591}.Debug|ARM.ActiveCfg = Debug|Any CPU
		{0743C075-52BF-4E77-9121-5DA56DC90591}.Debug|ARM.Build.0 = Debug|Any CPU
		{0743C075-52BF-4E77-9121-5DA56DC90591}.Debug|x64.ActiveCfg = Debug|Any CPU
		{0743C075-52BF-4E77-9121-5DA56DC90591}.Debug|x64.Build.0 = Debug|Any CPU
		{0743C075-52BF-4E77-9121-5DA56DC90591}.Debug|x86.ActiveCfg = Debug|Any CPU
		{0743C075-52BF-4E77-9121-5DA56DC90591}.Debug|x86.Build.0 = Debug|Any CPU
		{0743C075-52BF-4E77-9121-5DA56DC90591}.Release|Any CPU.ActiveCfg = Release|Any CPU
		{0743C075-52BF-4E77-9121-5DA56DC90591}.Release|Any CPU.Build.0 = Release|Any CPU
		{0743C075-52BF-4E77-9121-5DA56DC90591}.Release|ARM.ActiveCfg = Release|Any CPU
		{0743C075-52BF-4E77-9121-5DA56DC90591}.Release|ARM.Build.0 = Release|Any CPU
		{0743C075-52BF-4E77-9121-5DA56DC90591}.Release|x64.ActiveCfg = Release|Any CPU
		{0743C075-52BF-4E77-9121-5DA56DC90591}.Release|x64.Build.0 = Release|Any CPU
		{0743C075-52BF-4E77-9121-5DA56DC90591}.Release|x86.ActiveCfg = Release|Any CPU
		{0743C075-52BF-4E77-9121-5DA56DC90591}.Release|x86.Build.0 = Release|Any CPU
		{885072D7-80D5-4649-9BEF-D95ECE989A5F}.Debug|Any CPU.ActiveCfg = Debug|Any CPU
		{885072D7-80D5-4649-9BEF-D95ECE989A5F}.Debug|Any CPU.Build.0 = Debug|Any CPU
		{885072D7-80D5-4649-9BEF-D95ECE989A5F}.Debug|ARM.ActiveCfg = Debug|Any CPU
		{885072D7-80D5-4649-9BEF-D95ECE989A5F}.Debug|ARM.Build.0 = Debug|Any CPU
		{885072D7-80D5-4649-9BEF-D95ECE989A5F}.Debug|x64.ActiveCfg = Debug|Any CPU
		{885072D7-80D5-4649-9BEF-D95ECE989A5F}.Debug|x64.Build.0 = Debug|Any CPU
		{885072D7-80D5-4649-9BEF-D95ECE989A5F}.Debug|x86.ActiveCfg = Debug|Any CPU
		{885072D7-80D5-4649-9BEF-D95ECE989A5F}.Debug|x86.Build.0 = Debug|Any CPU
		{885072D7-80D5-4649-9BEF-D95ECE989A5F}.Release|Any CPU.ActiveCfg = Release|Any CPU
		{885072D7-80D5-4649-9BEF-D95ECE989A5F}.Release|Any CPU.Build.0 = Release|Any CPU
		{885072D7-80D5-4649-9BEF-D95ECE989A5F}.Release|ARM.ActiveCfg = Release|Any CPU
		{885072D7-80D5-4649-9BEF-D95ECE989A5F}.Release|ARM.Build.0 = Release|Any CPU
		{885072D7-80D5-4649-9BEF-D95ECE989A5F}.Release|x64.ActiveCfg = Release|Any CPU
		{885072D7-80D5-4649-9BEF-D95ECE989A5F}.Release|x64.Build.0 = Release|Any CPU
		{885072D7-80D5-4649-9BEF-D95ECE989A5F}.Release|x86.ActiveCfg = Release|Any CPU
		{885072D7-80D5-4649-9BEF-D95ECE989A5F}.Release|x86.Build.0 = Release|Any CPU
	EndGlobalSection
	GlobalSection(SolutionProperties) = preSolution
		HideSolutionNode = FALSE
	EndGlobalSection
	GlobalSection(NestedProjects) = preSolution
		{C14F38D2-9761-4D1F-AD9B-5913C57284CF} = {E7A03225-65CE-43EB-A285-FDD2D19304DF}
		{11389C11-D68E-49E4-9B80-DE58CFBAF52E} = {0A82395F-4AC1-49FD-B7DD-95F81190B03A}
		{51B604BD-CC4C-4F16-99D9-E0FCDDAD7202} = {7E1C2EF3-A6C1-435A-986C-7E0F88E4AD00}
		{0743C075-52BF-4E77-9121-5DA56DC90591} = {0919885A-AA61-4B6D-8A96-2BE871462856}
		{885072D7-80D5-4649-9BEF-D95ECE989A5F} = {CA84DD99-897E-4630-8768-9064F2F30506}
	EndGlobalSection
EndGlobal
